
Microsoft Visual Studio Solution File, Format Version 12.00
# Visual Studio Version 16
VisualStudioVersion = 16.0.32929.386
MinimumVisualStudioVersion = 10.0.40219.1
Project("{FAE04EC0-301F-11D3-BF4B-00C04F79EFBC}") = "AtlyssItemTweaks", "AtlyssItemTweaks.csproj", "{66FA1810-9987-4B06-AEEE-7ED34ABE5E0D}"
EndProject
Global
	GlobalSection(SolutionConfigurationPlatforms) = preSolution
		Debug|Any CPU = Debug|Any CPU
		Release|Any CPU = Release|Any CPU
	EndGlobalSection
	GlobalSection(ProjectConfigurationPlatforms) = postSolution
		{66FA1810-9987-4B06-AEEE-7ED34ABE5E0D}.Debug|Any CPU.ActiveCfg = Debug|Any CPU
		{66FA1810-9987-4B06-AEEE-7ED34ABE5E0D}.Debug|Any CPU.Build.0 = Debug|Any CPU
		{66FA1810-9987-4B06-AEEE-7ED34ABE5E0D}.Release|Any CPU.ActiveCfg = Release|Any CPU
		{66FA1810-9987-4B06-AEEE-7ED34ABE5E0D}.Release|Any CPU.Build.0 = Release|Any CPU
	EndGlobalSection
	GlobalSection(SolutionProperties) = preSolution
		HideSolutionNode = FALSE
	EndGlobalSection
	GlobalSection(ExtensibilityGlobals) = postSolution
		SolutionGuid = {6F5B6DAA-B1D6-4E92-891D-4DA826DED916}
	EndGlobalSection
EndGlobal
